// !$*UTF8*$!
{
	archiveVersion = 1;
	classes = {
	};
	objectVersion = 50;
	objects = {

/* Begin PBXBuildFile section */
		92CA233520F186730020F92B /* AppDelegate.swift in Sources */ = {isa = PBXBuildFile; fileRef = 92CA233420F186730020F92B /* AppDelegate.swift */; };
		92CA233720F186730020F92B /* ViewController.swift in Sources */ = {isa = PBXBuildFile; fileRef = 92CA233620F186730020F92B /* ViewController.swift */; };
		92CA233A20F186730020F92B /* Main.storyboard in Resources */ = {isa = PBXBuildFile; fileRef = 92CA233820F186730020F92B /* Main.storyboard */; };
		92CA233C20F186790020F92B /* Assets.xcassets in Resources */ = {isa = PBXBuildFile; fileRef = 92CA233B20F186790020F92B /* Assets.xcassets */; };
		92CA233F20F186790020F92B /* LaunchScreen.storyboard in Resources */ = {isa = PBXBuildFile; fileRef = 92CA233D20F186790020F92B /* LaunchScreen.storyboard */; };
		92CA234A20F186790020F92B /* DynamicsDemoTests.swift in Sources */ = {isa = PBXBuildFile; fileRef = 92CA234920F186790020F92B /* DynamicsDemoTests.swift */; };
		92CA235520F186790020F92B /* DynamicsDemoUITests.swift in Sources */ = {isa = PBXBuildFile; fileRef = 92CA235420F186790020F92B /* DynamicsDemoUITests.swift */; };
/* End PBXBuildFile section */

/* Begin PBXContainerItemProxy section */
		92CA234620F186790020F92B /* PBXContainerItemProxy */ = {
			isa = PBXContainerItemProxy;
			containerPortal = 92CA232920F186730020F92B /* Project object */;
			proxyType = 1;
			remoteGlobalIDString = 92CA233020F186730020F92B;
			remoteInfo = DynamicsDemo;
		};
		92CA235120F186790020F92B /* PBXContainerItemProxy */ = {
			isa = PBXContainerItemProxy;
			containerPortal = 92CA232920F186730020F92B /* Project object */;
			proxyType = 1;
			remoteGlobalIDString = 92CA233020F186730020F92B;
			remoteInfo = DynamicsDemo;
		};
/* End PBXContainerItemProxy section */

/* Begin PBXFileReference section */
		92CA233120F186730020F92B /* DynamicsDemo.app */ = {isa = PBXFileReference; explicitFileType = wrapper.application; includeInIndex = 0; path = DynamicsDemo.app; sourceTree = BUILT_PRODUCTS_DIR; };
		92CA233420F186730020F92B /* AppDelegate.swift */ = {isa = PBXFileReference; lastKnownFileType = sourcecode.swift; path = AppDelegate.swift; sourceTree = "<group>"; };
		92CA233620F186730020F92B /* ViewController.swift */ = {isa = PBXFileReference; lastKnownFileType = sourcecode.swift; path = ViewController.swift; sourceTree = "<group>"; };
		92CA233920F186730020F92B /* Base */ = {isa = PBXFileReference; lastKnownFileType = file.storyboard; name = Base; path = Base.lproj/Main.storyboard; sourceTree = "<group>"; };
		92CA233B20F186790020F92B /* Assets.xcassets */ = {isa = PBXFileReference; lastKnownFileType = folder.assetcatalog; path = Assets.xcassets; sourceTree = "<group>"; };
		92CA233E20F186790020F92B /* Base */ = {isa = PBXFileReference; lastKnownFileType = file.storyboard; name = Base; path = Base.lproj/LaunchScreen.storyboard; sourceTree = "<group>"; };
		92CA234020F186790020F92B /* Info.plist */ = {isa = PBXFileReference; lastKnownFileType = text.plist.xml; path = Info.plist; sourceTree = "<group>"; };
		92CA234520F186790020F92B /* DynamicsDemoTests.xctest */ = {isa = PBXFileReference; explicitFileType = wrapper.cfbundle; includeInIndex = 0; path = DynamicsDemoTests.xctest; sourceTree = BUILT_PRODUCTS_DIR; };
		92CA234920F186790020F92B /* DynamicsDemoTests.swift */ = {isa = PBXFileReference; lastKnownFileType = sourcecode.swift; path = DynamicsDemoTests.swift; sourceTree = "<group>"; };
		92CA234B20F186790020F92B /* Info.plist */ = {isa = PBXFileReference; lastKnownFileType = text.plist.xml; path = Info.plist; sourceTree = "<group>"; };
		92CA235020F186790020F92B /* DynamicsDemoUITests.xctest */ = {isa = PBXFileReference; explicitFileType = wrapper.cfbundle; includeInIndex = 0; path = DynamicsDemoUITests.xctest; sourceTree = BUILT_PRODUCTS_DIR; };
		92CA235420F186790020F92B /* DynamicsDemoUITests.swift */ = {isa = PBXFileReference; lastKnownFileType = sourcecode.swift; path = DynamicsDemoUITests.swift; sourceTree = "<group>"; };
		92CA235620F186790020F92B /* Info.plist */ = {isa = PBXFileReference; lastKnownFileType = text.plist.xml; path = Info.plist; sourceTree = "<group>"; };
/* End PBXFileReference section */

/* Begin PBXFrameworksBuildPhase section */
		92CA232E20F186730020F92B /* Frameworks */ = {
			isa = PBXFrameworksBuildPhase;
			buildActionMask = 2147483647;
			files = (
			);
			runOnlyForDeploymentPostprocessing = 0;
		};
		92CA234220F186790020F92B /* Frameworks */ = {
			isa = PBXFrameworksBuildPhase;
			buildActionMask = 2147483647;
			files = (
			);
			runOnlyForDeploymentPostprocessing = 0;
		};
		92CA234D20F186790020F92B /* Frameworks */ = {
			isa = PBXFrameworksBuildPhase;
			buildActionMask = 2147483647;
			files = (
			);
			runOnlyForDeploymentPostprocessing = 0;
		};
/* End PBXFrameworksBuildPhase section */

/* Begin PBXGroup section */
		92CA232820F186730020F92B = {
			isa = PBXGroup;
			children = (
				92CA233320F186730020F92B /* DynamicsDemo */,
				92CA234820F186790020F92B /* DynamicsDemoTests */,
				92CA235320F186790020F92B /* DynamicsDemoUITests */,
				92CA233220F186730020F92B /* Products */,
			);
			sourceTree = "<group>";
		};
		92CA233220F186730020F92B /* Products */ = {
			isa = PBXGroup;
			children = (
				92CA233120F186730020F92B /* DynamicsDemo.app */,
				92CA234520F186790020F92B /* DynamicsDemoTests.xctest */,
				92CA235020F186790020F92B /* DynamicsDemoUITests.xctest */,
			);
			name = Products;
			sourceTree = "<group>";
		};
		92CA233320F186730020F92B /* DynamicsDemo */ = {
			isa = PBXGroup;
			children = (
				92CA233420F186730020F92B /* AppDelegate.swift */,
				92CA233620F186730020F92B /* ViewController.swift */,
				92CA233820F186730020F92B /* Main.storyboard */,
				92CA233B20F186790020F92B /* Assets.xcassets */,
				92CA233D20F186790020F92B /* LaunchScreen.storyboard */,
				92CA234020F186790020F92B /* Info.plist */,
			);
			path = DynamicsDemo;
			sourceTree = "<group>";
		};
		92CA234820F186790020F92B /* DynamicsDemoTests */ = {
			isa = PBXGroup;
			children = (
				92CA234920F186790020F92B /* DynamicsDemoTests.swift */,
				92CA234B20F186790020F92B /* Info.plist */,
			);
			path = DynamicsDemoTests;
			sourceTree = "<group>";
		};
		92CA235320F186790020F92B /* DynamicsDemoUITests */ = {
			isa = PBXGroup;
			children = (
				92CA235420F186790020F92B /* DynamicsDemoUITests.swift */,
				92CA235620F186790020F92B /* Info.plist */,
			);
			path = DynamicsDemoUITests;
			sourceTree = "<group>";
		};
/* End PBXGroup section */

/* Begin PBXNativeTarget section */
		92CA233020F186730020F92B /* DynamicsDemo */ = {
			isa = PBXNativeTarget;
			buildConfigurationList = 92CA235920F186790020F92B /* Build configuration list for PBXNativeTarget "DynamicsDemo" */;
			buildPhases = (
				92CA232D20F186730020F92B /* Sources */,
				92CA232E20F186730020F92B /* Frameworks */,
				92CA232F20F186730020F92B /* Resources */,
			);
			buildRules = (
			);
			dependencies = (
			);
			name = DynamicsDemo;
			productName = DynamicsDemo;
			productReference = 92CA233120F186730020F92B /* DynamicsDemo.app */;
			productType = "com.apple.product-type.application";
		};
		92CA234420F186790020F92B /* DynamicsDemoTests */ = {
			isa = PBXNativeTarget;
			buildConfigurationList = 92CA235C20F186790020F92B /* Build configuration list for PBXNativeTarget "DynamicsDemoTests" */;
			buildPhases = (
				92CA234120F186790020F92B /* Sources */,
				92CA234220F186790020F92B /* Frameworks */,
				92CA234320F186790020F92B /* Resources */,
			);
			buildRules = (
			);
			dependencies = (
				92CA234720F186790020F92B /* PBXTargetDependency */,
			);
			name = DynamicsDemoTests;
			productName = DynamicsDemoTests;
			productReference = 92CA234520F186790020F92B /* DynamicsDemoTests.xctest */;
			productType = "com.apple.product-type.bundle.unit-test";
		};
		92CA234F20F186790020F92B /* DynamicsDemoUITests */ = {
			isa = PBXNativeTarget;
			buildConfigurationList = 92CA235F20F186790020F92B /* Build configuration list for PBXNativeTarget "DynamicsDemoUITests" */;
			buildPhases = (
				92CA234C20F186790020F92B /* Sources */,
				92CA234D20F186790020F92B /* Frameworks */,
				92CA234E20F186790020F92B /* Resources */,
			);
			buildRules = (
			);
			dependencies = (
				92CA235220F186790020F92B /* PBXTargetDependency */,
			);
			name = DynamicsDemoUITests;
			productName = DynamicsDemoUITests;
			productReference = 92CA235020F186790020F92B /* DynamicsDemoUITests.xctest */;
			productType = "com.apple.product-type.bundle.ui-testing";
		};
/* End PBXNativeTarget section */

/* Begin PBXProject section */
		92CA232920F186730020F92B /* Project object */ = {
			isa = PBXProject;
			attributes = {
				LastSwiftUpdateCheck = 0940;
				LastUpgradeCheck = 0940;
				ORGANIZATIONNAME = "Michael Doroff";
				TargetAttributes = {
					92CA233020F186730020F92B = {
						CreatedOnToolsVersion = 9.4.1;
					};
					92CA234420F186790020F92B = {
						CreatedOnToolsVersion = 9.4.1;
						TestTargetID = 92CA233020F186730020F92B;
					};
					92CA234F20F186790020F92B = {
						CreatedOnToolsVersion = 9.4.1;
						TestTargetID = 92CA233020F186730020F92B;
					};
				};
			};
			buildConfigurationList = 92CA232C20F186730020F92B /* Build configuration list for PBXProject "DynamicsDemo" */;
			compatibilityVersion = "Xcode 9.3";
			developmentRegion = en;
			hasScannedForEncodings = 0;
			knownRegions = (
				en,
				Base,
			);
			mainGroup = 92CA232820F186730020F92B;
			productRefGroup = 92CA233220F186730020F92B /* Products */;
			projectDirPath = "";
			projectRoot = "";
			targets = (
				92CA233020F186730020F92B /* DynamicsDemo */,
				92CA234420F186790020F92B /* DynamicsDemoTests */,
				92CA234F20F186790020F92B /* DynamicsDemoUITests */,
			);
		};
/* End PBXProject section */

/* Begin PBXResourcesBuildPhase section */
		92CA232F20F186730020F92B /* Resources */ = {
			isa = PBXResourcesBuildPhase;
			buildActionMask = 2147483647;
			files = (
				92CA233F20F186790020F92B /* LaunchScreen.storyboard in Resources */,
				92CA233C20F186790020F92B /* Assets.xcassets in Resources */,
				92CA233A20F186730020F92B /* Main.storyboard in Resources */,
			);
			runOnlyForDeploymentPostprocessing = 0;
		};
		92CA234320F186790020F92B /* Resources */ = {
			isa = PBXResourcesBuildPhase;
			buildActionMask = 2147483647;
			files = (
			);
			runOnlyForDeploymentPostprocessing = 0;
		};
		92CA234E20F186790020F92B /* Resources */ = {
			isa = PBXResourcesBuildPhase;
			buildActionMask = 2147483647;
			files = (
			);
			runOnlyForDeploymentPostprocessing = 0;
		};
/* End PBXResourcesBuildPhase section */

/* Begin PBXSourcesBuildPhase section */
		92CA232D20F186730020F92B /* Sources */ = {
			isa = PBXSourcesBuildPhase;
			buildActionMask = 2147483647;
			files = (
				92CA233720F186730020F92B /* ViewController.swift in Sources */,
				92CA233520F186730020F92B /* AppDelegate.swift in Sources */,
			);
			runOnlyForDeploymentPostprocessing = 0;
		};
		92CA234120F186790020F92B /* Sources */ = {
			isa = PBXSourcesBuildPhase;
			buildActionMask = 2147483647;
			files = (
				92CA234A20F186790020F92B /* DynamicsDemoTests.swift in Sources */,
			);
			runOnlyForDeploymentPostprocessing = 0;
		};
		92CA234C20F186790020F92B /* Sources */ = {
			isa = PBXSourcesBuildPhase;
			buildActionMask = 2147483647;
			files = (
				92CA235520F186790020F92B /* DynamicsDemoUITests.swift in Sources */,
			);
			runOnlyForDeploymentPostprocessing = 0;
		};
/* End PBXSourcesBuildPhase section */

/* Begin PBXTargetDependency section */
		92CA234720F186790020F92B /* PBXTargetDependency */ = {
			isa = PBXTargetDependency;
			target = 92CA233020F186730020F92B /* DynamicsDemo */;
			targetProxy = 92CA234620F186790020F92B /* PBXContainerItemProxy */;
		};
		92CA235220F186790020F92B /* PBXTargetDependency */ = {
			isa = PBXTargetDependency;
			target = 92CA233020F186730020F92B /* DynamicsDemo */;
			targetProxy = 92CA235120F186790020F92B /* PBXContainerItemProxy */;
		};
/* End PBXTargetDependency section */

/* Begin PBXVariantGroup section */
		92CA233820F186730020F92B /* Main.storyboard */ = {
			isa = PBXVariantGroup;
			children = (
				92CA233920F186730020F92B /* Base */,
			);
			name = Main.storyboard;
			sourceTree = "<group>";
		};
		92CA233D20F186790020F92B /* LaunchScreen.storyboard */ = {
			isa = PBXVariantGroup;
			children = (
				92CA233E20F186790020F92B /* Base */,
			);
			name = LaunchScreen.storyboard;
			sourceTree = "<group>";
		};
/* End PBXVariantGroup section */

/* Begin XCBuildConfiguration section */
		92CA235720F186790020F92B /* Debug */ = {
			isa = XCBuildConfiguration;
			buildSettings = {
				ALWAYS_SEARCH_USER_PATHS = NO;
				CLANG_ANALYZER_NONNULL = YES;
				CLANG_ANALYZER_NUMBER_OBJECT_CONVERSION = YES_AGGRESSIVE;
				CLANG_CXX_LANGUAGE_STANDARD = "gnu++14";
				CLANG_CXX_LIBRARY = "libc++";
				CLANG_ENABLE_MODULES = YES;
				CLANG_ENABLE_OBJC_ARC = YES;
				CLANG_ENABLE_OBJC_WEAK = YES;
				CLANG_WARN_BLOCK_CAPTURE_AUTORELEASING = YES;
				CLANG_WARN_BOOL_CONVERSION = YES;
				CLANG_WARN_COMMA = YES;
				CLANG_WARN_CONSTANT_CONVERSION = YES;
				CLANG_WARN_DEPRECATED_OBJC_IMPLEMENTATIONS = YES;
				CLANG_WARN_DIRECT_OBJC_ISA_USAGE = YES_ERROR;
				CLANG_WARN_DOCUMENTATION_COMMENTS = YES;
				CLANG_WARN_EMPTY_BODY = YES;
				CLANG_WARN_ENUM_CONVERSION = YES;
				CLANG_WARN_INFINITE_RECURSION = YES;
				CLANG_WARN_INT_CONVERSION = YES;
				CLANG_WARN_NON_LITERAL_NULL_CONVERSION = YES;
				CLANG_WARN_OBJC_IMPLICIT_RETAIN_SELF = YES;
				CLANG_WARN_OBJC_LITERAL_CONVERSION = YES;
				CLANG_WARN_OBJC_ROOT_CLASS = YES_ERROR;
				CLANG_WARN_RANGE_LOOP_ANALYSIS = YES;
				CLANG_WARN_STRICT_PROTOTYPES = YES;
				CLANG_WARN_SUSPICIOUS_MOVE = YES;
				CLANG_WARN_UNGUARDED_AVAILABILITY = YES_AGGRESSIVE;
				CLANG_WARN_UNREACHABLE_CODE = YES;
				CLANG_WARN__DUPLICATE_METHOD_MATCH = YES;
				CODE_SIGN_IDENTITY = "iPhone Developer";
				COPY_PHASE_STRIP = NO;
				DEBUG_INFORMATION_FORMAT = dwarf;
				ENABLE_STRICT_OBJC_MSGSEND = YES;
				ENABLE_TESTABILITY = YES;
				GCC_C_LANGUAGE_STANDARD = gnu11;
				GCC_DYNAMIC_NO_PIC = NO;
				GCC_NO_COMMON_BLOCKS = YES;
				GCC_OPTIMIZATION_LEVEL = 0;
				GCC_PREPROCESSOR_DEFINITIONS = (
					"DEBUG=1",
					"$(inherited)",
				);
				GCC_WARN_64_TO_32_BIT_CONVERSION = YES;
				GCC_WARN_ABOUT_RETURN_TYPE = YES_ERROR;
				GCC_WARN_UNDECLARED_SELECTOR = YES;
				GCC_WARN_UNINITIALIZED_AUTOS = YES_AGGRESSIVE;
				GCC_WARN_UNUSED_FUNCTION = YES;
				GCC_WARN_UNUSED_VARIABLE = YES;
				IPHONEOS_DEPLOYMENT_TARGET = 11.4;
				MTL_ENABLE_DEBUG_INFO = YES;
				ONLY_ACTIVE_ARCH = YES;
				SDKROOT = iphoneos;
				SWIFT_ACTIVE_COMPILATION_CONDITIONS = DEBUG;
				SWIFT_OPTIMIZATION_LEVEL = "-Onone";
			};
			name = Debug;
		};
		92CA235820F186790020F92B /* Release */ = {
			isa = XCBuildConfiguration;
			buildSettings = {
				ALWAYS_SEARCH_USER_PATHS = NO;
				CLANG_ANALYZER_NONNULL = YES;
				CLANG_ANALYZER_NUMBER_OBJECT_CONVERSION = YES_AGGRESSIVE;
				CLANG_CXX_LANGUAGE_STANDARD = "gnu++14";
				CLANG_CXX_LIBRARY = "libc++";
				CLANG_ENABLE_MODULES = YES;
				CLANG_ENABLE_OBJC_ARC = YES;
				CLANG_ENABLE_OBJC_WEAK = YES;
				CLANG_WARN_BLOCK_CAPTURE_AUTORELEASING = YES;
				CLANG_WARN_BOOL_CONVERSION = YES;
				CLANG_WARN_COMMA = YES;
				CLANG_WARN_CONSTANT_CONVERSION = YES;
				CLANG_WARN_DEPRECATED_OBJC_IMPLEMENTATIONS = YES;
				CLANG_WARN_DIRECT_OBJC_ISA_USAGE = YES_ERROR;
				CLANG_WARN_DOCUMENTATION_COMMENTS = YES;
				CLANG_WARN_EMPTY_BODY = YES;
				CLANG_WARN_ENUM_CONVERSION = YES;
				CLANG_WARN_INFINITE_RECURSION = YES;
				CLANG_WARN_INT_CONVERSION = YES;
				CLANG_WARN_NON_LITERAL_NULL_CONVERSION = YES;
				CLANG_WARN_OBJC_IMPLICIT_RETAIN_SELF = YES;
				CLANG_WARN_OBJC_LITERAL_CONVERSION = YES;
				CLANG_WARN_OBJC_ROOT_CLASS = YES_ERROR;
				CLANG_WARN_RANGE_LOOP_ANALYSIS = YES;
				CLANG_WARN_STRICT_PROTOTYPES = YES;
				CLANG_WARN_SUSPICIOUS_MOVE = YES;
				CLANG_WARN_UNGUARDED_AVAILABILITY = YES_AGGRESSIVE;
				CLANG_WARN_UNREACHABLE_CODE = YES;
				CLANG_WARN__DUPLICATE_METHOD_MATCH = YES;
				CODE_SIGN_IDENTITY = "iPhone Developer";
				COPY_PHASE_STRIP = NO;
				DEBUG_INFORMATION_FORMAT = "dwarf-with-dsym";
				ENABLE_NS_ASSERTIONS = NO;
				ENABLE_STRICT_OBJC_MSGSEND = YES;
				GCC_C_LANGUAGE_STANDARD = gnu11;
				GCC_NO_COMMON_BLOCKS = YES;
				GCC_WARN_64_TO_32_BIT_CONVERSION = YES;
				GCC_WARN_ABOUT_RETURN_TYPE = YES_ERROR;
				GCC_WARN_UNDECLARED_SELECTOR = YES;
				GCC_WARN_UNINITIALIZED_AUTOS = YES_AGGRESSIVE;
				GCC_WARN_UNUSED_FUNCTION = YES;
				GCC_WARN_UNUSED_VARIABLE = YES;
				IPHONEOS_DEPLOYMENT_TARGET = 11.4;
				MTL_ENABLE_DEBUG_INFO = NO;
				SDKROOT = iphoneos;
				SWIFT_COMPILATION_MODE = wholemodule;
				SWIFT_OPTIMIZATION_LEVEL = "-O";
				VALIDATE_PRODUCT = YES;
			};
			name = Release;
		};
		92CA235A20F186790020F92B /* Debug */ = {
			isa = XCBuildConfiguration;
			buildSettings = {
				ASSETCATALOG_COMPILER_APPICON_NAME = AppIcon;
				CODE_SIGN_STYLE = Automatic;
				DEVELOPMENT_TEAM = 59246CF2XH;
				INFOPLIST_FILE = DynamicsDemo/Info.plist;
				LD_RUNPATH_SEARCH_PATHS = (
					"$(inherited)",
					"@executable_path/Frameworks",
				);
				PRODUCT_BUNDLE_IDENTIFIER = www.google.com.DynamicsDemo;
				PRODUCT_NAME = "$(TARGET_NAME)";
				SWIFT_VERSION = 4.0;
				TARGETED_DEVICE_FAMILY = "1,2";
			};
			name = Debug;
		};
		92CA235B20F186790020F92B /* Release */ = {
			isa = XCBuildConfiguration;
			buildSettings = {
				ASSETCATALOG_COMPILER_APPICON_NAME = AppIcon;
				CODE_SIGN_STYLE = Automatic;
				DEVELOPMENT_TEAM = 59246CF2XH;
				INFOPLIST_FILE = DynamicsDemo/Info.plist;
				LD_RUNPATH_SEARCH_PATHS = (
					"$(inherited)",
					"@executable_path/Frameworks",
				);
				PRODUCT_BUNDLE_IDENTIFIER = www.google.com.DynamicsDemo;
				PRODUCT_NAME = "$(TARGET_NAME)";
				SWIFT_VERSION = 4.0;
				TARGETED_DEVICE_FAMILY = "1,2";
			};
			name = Release;
		};
		92CA235D20F186790020F92B /* Debug */ = {
			isa = XCBuildConfiguration;
			buildSettings = {
				ALWAYS_EMBED_SWIFT_STANDARD_LIBRARIES = YES;
				BUNDLE_LOADER = "$(TEST_HOST)";
				CODE_SIGN_STYLE = Automatic;
				DEVELOPMENT_TEAM = 59246CF2XH;
				INFOPLIST_FILE = DynamicsDemoTests/Info.plist;
				LD_RUNPATH_SEARCH_PATHS = (
					"$(inherited)",
					"@executable_path/Frameworks",
					"@loader_path/Frameworks",
				);
				PRODUCT_BUNDLE_IDENTIFIER = www.google.com.DynamicsDemoTests;
				PRODUCT_NAME = "$(TARGET_NAME)";
				SWIFT_VERSION = 4.0;
				TARGETED_DEVICE_FAMILY = "1,2";
				TEST_HOST = "$(BUILT_PRODUCTS_DIR)/DynamicsDemo.app/DynamicsDemo";
			};
			name = Debug;
		};
		92CA235E20F186790020F92B /* Release */ = {
			isa = XCBuildConfiguration;
			buildSettings = {
				ALWAYS_EMBED_SWIFT_STANDARD_LIBRARIES = YES;
				BUNDLE_LOADER = "$(TEST_HOST)";
				CODE_SIGN_STYLE = Automatic;
				DEVELOPMENT_TEAM = 59246CF2XH;
				INFOPLIST_FILE = DynamicsDemoTests/Info.plist;
				LD_RUNPATH_SEARCH_PATHS = (
					"$(inherited)",
					"@executable_path/Frameworks",
					"@loader_path/Frameworks",
				);
				PRODUCT_BUNDLE_IDENTIFIER = www.google.com.DynamicsDemoTests;
				PRODUCT_NAME = "$(TARGET_NAME)";
				SWIFT_VERSION = 4.0;
				TARGETED_DEVICE_FAMILY = "1,2";
				TEST_HOST = "$(BUILT_PRODUCTS_DIR)/DynamicsDemo.app/DynamicsDemo";
			};
			name = Release;
		};
		92CA236020F186790020F92B /* Debug */ = {
			isa = XCBuildConfiguration;
			buildSettings = {
				ALWAYS_EMBED_SWIFT_STANDARD_LIBRARIES = YES;
				CODE_SIGN_STYLE = Automatic;
				DEVELOPMENT_TEAM = 59246CF2XH;
				INFOPLIST_FILE = DynamicsDemoUITests/Info.plist;
				LD_RUNPATH_SEARCH_PATHS = (
					"$(inherited)",
					"@executable_path/Frameworks",
					"@loader_path/Frameworks",
				);
				PRODUCT_BUNDLE_IDENTIFIER = www.google.com.DynamicsDemoUITests;
				PRODUCT_NAME = "$(TARGET_NAME)";
				SWIFT_VERSION = 4.0;
				TARGETED_DEVICE_FAMILY = "1,2";
				TEST_TARGET_NAME = DynamicsDemo;
			};
			name = Debug;
		};
		92CA236120F186790020F92B /* Release */ = {
			isa = XCBuildConfiguration;
			buildSettings = {
				ALWAYS_EMBED_SWIFT_STANDARD_LIBRARIES = YES;
				CODE_SIGN_STYLE = Automatic;
				DEVELOPMENT_TEAM = 59246CF2XH;
				INFOPLIST_FILE = DynamicsDemoUITests/Info.plist;
				LD_RUNPATH_SEARCH_PATHS = (
					"$(inherited)",
					"@executable_path/Frameworks",
					"@loader_path/Frameworks",
				);
				PRODUCT_BUNDLE_IDENTIFIER = www.google.com.DynamicsDemoUITests;
				PRODUCT_NAME = "$(TARGET_NAME)";
				SWIFT_VERSION = 4.0;
				TARGETED_DEVICE_FAMILY = "1,2";
				TEST_TARGET_NAME = DynamicsDemo;
			};
			name = Release;
		};
/* End XCBuildConfiguration section */

/* Begin XCConfigurationList section */
		92CA232C20F186730020F92B /* Build configuration list for PBXProject "DynamicsDemo" */ = {
			isa = XCConfigurationList;
			buildConfigurations = (
				92CA235720F186790020F92B /* Debug */,
				92CA235820F186790020F92B /* Release */,
			);
			defaultConfigurationIsVisible = 0;
			defaultConfigurationName = Release;
		};
		92CA235920F186790020F92B /* Build configuration list for PBXNativeTarget "DynamicsDemo" */ = {
			isa = XCConfigurationList;
			buildConfigurations = (
				92CA235A20F186790020F92B /* Debug */,
				92CA235B20F186790020F92B /* Release */,
			);
			defaultConfigurationIsVisible = 0;
			defaultConfigurationName = Release;
		};
		92CA235C20F186790020F92B /* Build configuration list for PBXNativeTarget "DynamicsDemoTests" */ = {
			isa = XCConfigurationList;
			buildConfigurations = (
				92CA235D20F186790020F92B /* Debug */,
				92CA235E20F186790020F92B /* Release */,
			);
			defaultConfigurationIsVisible = 0;
			defaultConfigurationName = Release;
		};
		92CA235F20F186790020F92B /* Build configuration list for PBXNativeTarget "DynamicsDemoUITests" */ = {
			isa = XCConfigurationList;
			buildConfigurations = (
				92CA236020F186790020F92B /* Debug */,
				92CA236120F186790020F92B /* Release */,
			);
			defaultConfigurationIsVisible = 0;
			defaultConfigurationName = Release;
		};
/* End XCConfigurationList section */
	};
	rootObject = 92CA232920F186730020F92B /* Project object */;
}
